// !$*UTF8*$!
{
   archiveVersion = "1";
   objectVersion = "46";
   objects = {
      "CommandLine::CommandLine::ProductTarget" = {
         isa = "PBXAggregateTarget";
         buildConfigurationList = "OBJ_165";
         buildPhases = (
         );
         dependencies = (
            "OBJ_168",
         );
         name = "CommandLine";
         productName = "CommandLine";
      };
      "CommandLine::CommandLineKit" = {
         isa = "PBXNativeTarget";
         buildConfigurationList = "OBJ_140";
         buildPhases = (
            "OBJ_143",
            "OBJ_147",
         );
         dependencies = (
         );
         name = "CommandLineKit";
         productName = "CommandLineKit";
         productReference = "CommandLine::CommandLineKit::Product";
         productType = "com.apple.product-type.framework";
      };
      "CommandLine::CommandLineKit::Product" = {
         isa = "PBXFileReference";
         path = "CommandLineKit.framework";
         sourceTree = "BUILT_PRODUCTS_DIR";
      };
      "CommandLine::SwiftPMPackageDescription" = {
         isa = "PBXNativeTarget";
         buildConfigurationList = "OBJ_72";
         buildPhases = (
            "OBJ_75",
         );
         dependencies = (
         );
         name = "CommandLinePackageDescription";
         productName = "CommandLinePackageDescription";
         productType = "com.apple.product-type.framework";
      };
      "OBJ_1" = {
         isa = "PBXProject";
         attributes = {
            LastUpgradeCheck = "9999";
         };
         buildConfigurationList = "OBJ_2";
         compatibilityVersion = "Xcode 3.2";
         developmentRegion = "English";
         hasScannedForEncodings = "0";
         knownRegions = (
            "en",
         );
         mainGroup = "OBJ_5";
         productRefGroup = "OBJ_46";
         projectDirPath = ".";
         targets = (
            "YunisTool::SwiftPMPackageDescription",
            "PathKit::SwiftPMPackageDescription",
            "Spectre::SwiftPMPackageDescription",
            "CommandLine::SwiftPMPackageDescription",
            "Rainbow::SwiftPMPackageDescription",
            "YunisTool::BlogTool",
            "YunisTool::BlogPostTool",
            "PathKit::PathKit",
            "Spectre::Spectre",
            "CommandLine::CommandLineKit",
            "Rainbow::Rainbow",
            "CommandLine::CommandLine::ProductTarget",
         );
      };
      "OBJ_10" = {
         isa = "PBXGroup";
         children = (
            "OBJ_11",
         );
         name = "BlogTool";
         path = "Sources/BlogTool";
         sourceTree = "SOURCE_ROOT";
      };
      "OBJ_101" = {
         isa = "PBXTargetDependency";
         target = "CommandLine::CommandLineKit";
      };
      "OBJ_103" = {
         isa = "PBXTargetDependency";
         target = "Rainbow::Rainbow";
      };
      "OBJ_105" = {
         isa = "XCConfigurationList";
         buildConfigurations = (
            "OBJ_106",
            "OBJ_107",
         );
         defaultConfigurationIsVisible = "0";
         defaultConfigurationName = "Debug";
      };
      "OBJ_106" = {
         isa = "XCBuildConfiguration";
         buildSettings = {
            ENABLE_TESTABILITY = "YES";
            FRAMEWORK_SEARCH_PATHS = (
               "$(inherited)",
               "$(PLATFORM_DIR)/Developer/Library/Frameworks",
            );
            HEADER_SEARCH_PATHS = (
               "$(inherited)",
            );
            INFOPLIST_FILE = "YunisTool.xcodeproj/BlogPostTool_Info.plist";
            LD_RUNPATH_SEARCH_PATHS = (
               "$(TOOLCHAIN_DIR)/usr/lib/swift/macosx",
            );
            OTHER_LDFLAGS = (
               "$(inherited)",
            );
            OTHER_SWIFT_FLAGS = (
               "$(inherited)",
            );
            PRODUCT_BUNDLE_IDENTIFIER = "BlogPostTool";
            PRODUCT_MODULE_NAME = "$(TARGET_NAME:c99extidentifier)";
            PRODUCT_NAME = "$(TARGET_NAME:c99extidentifier)";
            SKIP_INSTALL = "YES";
            SWIFT_VERSION = "3.0";
            TARGET_NAME = "BlogPostTool";
         };
         name = "Debug";
      };
      "OBJ_107" = {
         isa = "XCBuildConfiguration";
         buildSettings = {
            ENABLE_TESTABILITY = "YES";
            FRAMEWORK_SEARCH_PATHS = (
               "$(inherited)",
               "$(PLATFORM_DIR)/Developer/Library/Frameworks",
            );
            HEADER_SEARCH_PATHS = (
               "$(inherited)",
            );
            INFOPLIST_FILE = "YunisTool.xcodeproj/BlogPostTool_Info.plist";
            LD_RUNPATH_SEARCH_PATHS = (
               "$(TOOLCHAIN_DIR)/usr/lib/swift/macosx",
            );
            OTHER_LDFLAGS = (
               "$(inherited)",
            );
            OTHER_SWIFT_FLAGS = (
               "$(inherited)",
            );
            PRODUCT_BUNDLE_IDENTIFIER = "BlogPostTool";
            PRODUCT_MODULE_NAME = "$(TARGET_NAME:c99extidentifier)";
            PRODUCT_NAME = "$(TARGET_NAME:c99extidentifier)";
            SKIP_INSTALL = "YES";
            SWIFT_VERSION = "3.0";
            TARGET_NAME = "BlogPostTool";
         };
         name = "Release";
      };
      "OBJ_108" = {
         isa = "PBXSourcesBuildPhase";
         files = (
            "OBJ_109",
         );
      };
      "OBJ_109" = {
         isa = "PBXBuildFile";
         fileRef = "OBJ_9";
      };
      "OBJ_11" = {
         isa = "PBXFileReference";
         path = "main.swift";
         sourceTree = "<group>";
      };
      "OBJ_110" = {
         isa = "PBXFrameworksBuildPhase";
         files = (
            "OBJ_111",
            "OBJ_112",
            "OBJ_113",
            "OBJ_114",
         );
      };
      "OBJ_111" = {
         isa = "PBXBuildFile";
         fileRef = "PathKit::PathKit::Product";
      };
      "OBJ_112" = {
         isa = "PBXBuildFile";
         fileRef = "Spectre::Spectre::Product";
      };
      "OBJ_113" = {
         isa = "PBXBuildFile";
         fileRef = "CommandLine::CommandLineKit::Product";
      };
      "OBJ_114" = {
         isa = "PBXBuildFile";
         fileRef = "Rainbow::Rainbow::Product";
      };
      "OBJ_115" = {
         isa = "PBXTargetDependency";
         target = "PathKit::PathKit";
      };
      "OBJ_116" = {
         isa = "PBXTargetDependency";
         target = "Spectre::Spectre";
      };
      "OBJ_117" = {
         isa = "PBXTargetDependency";
         target = "CommandLine::CommandLineKit";
      };
      "OBJ_118" = {
         isa = "PBXTargetDependency";
         target = "Rainbow::Rainbow";
      };
      "OBJ_119" = {
         isa = "XCConfigurationList";
         buildConfigurations = (
            "OBJ_120",
            "OBJ_121",
         );
         defaultConfigurationIsVisible = "0";
         defaultConfigurationName = "Debug";
      };
      "OBJ_12" = {
         isa = "PBXGroup";
         children = (
         );
         name = "Tests";
         path = "";
         sourceTree = "SOURCE_ROOT";
      };
      "OBJ_120" = {
         isa = "XCBuildConfiguration";
         buildSettings = {
            ENABLE_TESTABILITY = "YES";
            FRAMEWORK_SEARCH_PATHS = (
               "$(inherited)",
               "$(PLATFORM_DIR)/Developer/Library/Frameworks",
            );
            HEADER_SEARCH_PATHS = (
               "$(inherited)",
            );
            INFOPLIST_FILE = "YunisTool.xcodeproj/PathKit_Info.plist";
            LD_RUNPATH_SEARCH_PATHS = (
               "$(TOOLCHAIN_DIR)/usr/lib/swift/macosx",
            );
            OTHER_LDFLAGS = (
               "$(inherited)",
            );
            OTHER_SWIFT_FLAGS = (
               "$(inherited)",
            );
            PRODUCT_BUNDLE_IDENTIFIER = "PathKit";
            PRODUCT_MODULE_NAME = "$(TARGET_NAME:c99extidentifier)";
            PRODUCT_NAME = "$(TARGET_NAME:c99extidentifier)";
            SKIP_INSTALL = "YES";
            SWIFT_VERSION = "3.0";
            TARGET_NAME = "PathKit";
         };
         name = "Debug";
      };
      "OBJ_121" = {
         isa = "XCBuildConfiguration";
         buildSettings = {
            ENABLE_TESTABILITY = "YES";
            FRAMEWORK_SEARCH_PATHS = (
               "$(inherited)",
               "$(PLATFORM_DIR)/Developer/Library/Frameworks",
            );
            HEADER_SEARCH_PATHS = (
               "$(inherited)",
            );
            INFOPLIST_FILE = "YunisTool.xcodeproj/PathKit_Info.plist";
            LD_RUNPATH_SEARCH_PATHS = (
               "$(TOOLCHAIN_DIR)/usr/lib/swift/macosx",
            );
            OTHER_LDFLAGS = (
               "$(inherited)",
            );
            OTHER_SWIFT_FLAGS = (
               "$(inherited)",
            );
            PRODUCT_BUNDLE_IDENTIFIER = "PathKit";
            PRODUCT_MODULE_NAME = "$(TARGET_NAME:c99extidentifier)";
            PRODUCT_NAME = "$(TARGET_NAME:c99extidentifier)";
            SKIP_INSTALL = "YES";
            SWIFT_VERSION = "3.0";
            TARGET_NAME = "PathKit";
         };
         name = "Release";
      };
      "OBJ_122" = {
         isa = "PBXSourcesBuildPhase";
         files = (
            "OBJ_123",
         );
      };
      "OBJ_123" = {
         isa = "PBXBuildFile";
         fileRef = "OBJ_16";
      };
      "OBJ_124" = {
         isa = "PBXFrameworksBuildPhase";
         files = (
            "OBJ_125",
         );
      };
      "OBJ_125" = {
         isa = "PBXBuildFile";
         fileRef = "Spectre::Spectre::Product";
      };
      "OBJ_126" = {
         isa = "PBXTargetDependency";
         target = "Spectre::Spectre";
      };
      "OBJ_127" = {
         isa = "XCConfigurationList";
         buildConfigurations = (
            "OBJ_128",
            "OBJ_129",
         );
         defaultConfigurationIsVisible = "0";
         defaultConfigurationName = "Debug";
      };
      "OBJ_128" = {
         isa = "XCBuildConfiguration";
         buildSettings = {
            ENABLE_TESTABILITY = "YES";
            FRAMEWORK_SEARCH_PATHS = (
               "$(inherited)",
               "$(PLATFORM_DIR)/Developer/Library/Frameworks",
            );
            HEADER_SEARCH_PATHS = (
               "$(inherited)",
            );
            INFOPLIST_FILE = "YunisTool.xcodeproj/Spectre_Info.plist";
            LD_RUNPATH_SEARCH_PATHS = (
               "$(TOOLCHAIN_DIR)/usr/lib/swift/macosx",
            );
            OTHER_LDFLAGS = (
               "$(inherited)",
            );
            OTHER_SWIFT_FLAGS = (
               "$(inherited)",
            );
            PRODUCT_BUNDLE_IDENTIFIER = "Spectre";
            PRODUCT_MODULE_NAME = "$(TARGET_NAME:c99extidentifier)";
            PRODUCT_NAME = "$(TARGET_NAME:c99extidentifier)";
            SKIP_INSTALL = "YES";
            SWIFT_VERSION = "3.0";
            TARGET_NAME = "Spectre";
         };
         name = "Debug";
      };
      "OBJ_129" = {
         isa = "XCBuildConfiguration";
         buildSettings = {
            ENABLE_TESTABILITY = "YES";
            FRAMEWORK_SEARCH_PATHS = (
               "$(inherited)",
               "$(PLATFORM_DIR)/Developer/Library/Frameworks",
            );
            HEADER_SEARCH_PATHS = (
               "$(inherited)",
            );
            INFOPLIST_FILE = "YunisTool.xcodeproj/Spectre_Info.plist";
            LD_RUNPATH_SEARCH_PATHS = (
               "$(TOOLCHAIN_DIR)/usr/lib/swift/macosx",
            );
            OTHER_LDFLAGS = (
               "$(inherited)",
            );
            OTHER_SWIFT_FLAGS = (
               "$(inherited)",
            );
            PRODUCT_BUNDLE_IDENTIFIER = "Spectre";
            PRODUCT_MODULE_NAME = "$(TARGET_NAME:c99extidentifier)";
            PRODUCT_NAME = "$(TARGET_NAME:c99extidentifier)";
            SKIP_INSTALL = "YES";
            SWIFT_VERSION = "3.0";
            TARGET_NAME = "Spectre";
         };
         name = "Release";
      };
      "OBJ_13" = {
         isa = "PBXGroup";
         children = (
            "OBJ_14",
            "OBJ_17",
            "OBJ_27",
            "OBJ_33",
         );
         name = "Dependencies";
         path = "";
         sourceTree = "<group>";
      };
      "OBJ_130" = {
         isa = "PBXSourcesBuildPhase";
         files = (
            "OBJ_131",
            "OBJ_132",
            "OBJ_133",
            "OBJ_134",
            "OBJ_135",
            "OBJ_136",
            "OBJ_137",
            "OBJ_138",
         );
      };
      "OBJ_131" = {
         isa = "PBXBuildFile";
         fileRef = "OBJ_19";
      };
      "OBJ_132" = {
         isa = "PBXBuildFile";
         fileRef = "OBJ_20";
      };
      "OBJ_133" = {
         isa = "PBXBuildFile";
         fileRef = "OBJ_21";
      };
      "OBJ_134" = {
         isa = "PBXBuildFile";
         fileRef = "OBJ_22";
      };
      "OBJ_135" = {
         isa = "PBXBuildFile";
         fileRef = "OBJ_23";
      };
      "OBJ_136" = {
         isa = "PBXBuildFile";
         fileRef = "OBJ_24";
      };
      "OBJ_137" = {
         isa = "PBXBuildFile";
         fileRef = "OBJ_25";
      };
      "OBJ_138" = {
         isa = "PBXBuildFile";
         fileRef = "OBJ_26";
      };
      "OBJ_139" = {
         isa = "PBXFrameworksBuildPhase";
         files = (
         );
      };
      "OBJ_14" = {
         isa = "PBXGroup";
         children = (
            "OBJ_15",
            "OBJ_16",
         );
         name = "PathKit 0.8.0";
         path = ".build/checkouts/PathKit--9185519632264250829/Sources";
         sourceTree = "SOURCE_ROOT";
      };
      "OBJ_140" = {
         isa = "XCConfigurationList";
         buildConfigurations = (
            "OBJ_141",
            "OBJ_142",
         );
         defaultConfigurationIsVisible = "0";
         defaultConfigurationName = "Debug";
      };
      "OBJ_141" = {
         isa = "XCBuildConfiguration";
         buildSettings = {
            ENABLE_TESTABILITY = "YES";
            FRAMEWORK_SEARCH_PATHS = (
               "$(inherited)",
               "$(PLATFORM_DIR)/Developer/Library/Frameworks",
            );
            HEADER_SEARCH_PATHS = (
               "$(inherited)",
            );
            INFOPLIST_FILE = "YunisTool.xcodeproj/CommandLineKit_Info.plist";
            LD_RUNPATH_SEARCH_PATHS = (
               "$(TOOLCHAIN_DIR)/usr/lib/swift/macosx",
            );
            OTHER_LDFLAGS = (
               "$(inherited)",
            );
            OTHER_SWIFT_FLAGS = (
               "$(inherited)",
            );
            PRODUCT_BUNDLE_IDENTIFIER = "CommandLineKit";
            PRODUCT_MODULE_NAME = "$(TARGET_NAME:c99extidentifier)";
            PRODUCT_NAME = "$(TARGET_NAME:c99extidentifier)";
            SKIP_INSTALL = "YES";
            SWIFT_VERSION = "3.0";
            TARGET_NAME = "CommandLineKit";
         };
         name = "Debug";
      };
      "OBJ_142" = {
         isa = "XCBuildConfiguration";
         buildSettings = {
            ENABLE_TESTABILITY = "YES";
            FRAMEWORK_SEARCH_PATHS = (
               "$(inherited)",
               "$(PLATFORM_DIR)/Developer/Library/Frameworks",
            );
            HEADER_SEARCH_PATHS = (
               "$(inherited)",
            );
            INFOPLIST_FILE = "YunisTool.xcodeproj/CommandLineKit_Info.plist";
            LD_RUNPATH_SEARCH_PATHS = (
               "$(TOOLCHAIN_DIR)/usr/lib/swift/macosx",
            );
            OTHER_LDFLAGS = (
               "$(inherited)",
            );
            OTHER_SWIFT_FLAGS = (
               "$(inherited)",
            );
            PRODUCT_BUNDLE_IDENTIFIER = "CommandLineKit";
            PRODUCT_MODULE_NAME = "$(TARGET_NAME:c99extidentifier)";
            PRODUCT_NAME = "$(TARGET_NAME:c99extidentifier)";
            SKIP_INSTALL = "YES";
            SWIFT_VERSION = "3.0";
            TARGET_NAME = "CommandLineKit";
         };
         name = "Release";
      };
      "OBJ_143" = {
         isa = "PBXSourcesBuildPhase";
         files = (
            "OBJ_144",
            "OBJ_145",
            "OBJ_146",
         );
      };
      "OBJ_144" = {
         isa = "PBXBuildFile";
         fileRef = "OBJ_29";
      };
      "OBJ_145" = {
         isa = "PBXBuildFile";
         fileRef = "OBJ_30";
      };
      "OBJ_146" = {
         isa = "PBXBuildFile";
         fileRef = "OBJ_31";
      };
      "OBJ_147" = {
         isa = "PBXFrameworksBuildPhase";
         files = (
         );
      };
      "OBJ_148" = {
         isa = "XCConfigurationList";
         buildConfigurations = (
            "OBJ_149",
            "OBJ_150",
         );
         defaultConfigurationIsVisible = "0";
         defaultConfigurationName = "Debug";
      };
      "OBJ_149" = {
         isa = "XCBuildConfiguration";
         buildSettings = {
            ENABLE_TESTABILITY = "YES";
            FRAMEWORK_SEARCH_PATHS = (
               "$(inherited)",
               "$(PLATFORM_DIR)/Developer/Library/Frameworks",
            );
            HEADER_SEARCH_PATHS = (
               "$(inherited)",
            );
            INFOPLIST_FILE = "YunisTool.xcodeproj/Rainbow_Info.plist";
            LD_RUNPATH_SEARCH_PATHS = (
               "$(TOOLCHAIN_DIR)/usr/lib/swift/macosx",
            );
            OTHER_LDFLAGS = (
               "$(inherited)",
            );
            OTHER_SWIFT_FLAGS = (
               "$(inherited)",
            );
            PRODUCT_BUNDLE_IDENTIFIER = "Rainbow";
            PRODUCT_MODULE_NAME = "$(TARGET_NAME:c99extidentifier)";
            PRODUCT_NAME = "$(TARGET_NAME:c99extidentifier)";
            SKIP_INSTALL = "YES";
            SWIFT_VERSION = "3.0";
            TARGET_NAME = "Rainbow";
         };
         name = "Debug";
      };
      "OBJ_15" = {
         isa = "PBXFileReference";
         explicitFileType = "sourcecode.swift";
         name = "Package.swift";
         path = "/Users/Yunis/Documents/Github/YunisTool/.build/checkouts/PathKit--9185519632264250829/Package.swift";
         sourceTree = "<group>";
      };
      "OBJ_150" = {
         isa = "XCBuildConfiguration";
         buildSettings = {
            ENABLE_TESTABILITY = "YES";
            FRAMEWORK_SEARCH_PATHS = (
               "$(inherited)",
               "$(PLATFORM_DIR)/Developer/Library/Frameworks",
            );
            HEADER_SEARCH_PATHS = (
               "$(inherited)",
            );
            INFOPLIST_FILE = "YunisTool.xcodeproj/Rainbow_Info.plist";
            LD_RUNPATH_SEARCH_PATHS = (
               "$(TOOLCHAIN_DIR)/usr/lib/swift/macosx",
            );
            OTHER_LDFLAGS = (
               "$(inherited)",
            );
            OTHER_SWIFT_FLAGS = (
               "$(inherited)",
            );
            PRODUCT_BUNDLE_IDENTIFIER = "Rainbow";
            PRODUCT_MODULE_NAME = "$(TARGET_NAME:c99extidentifier)";
            PRODUCT_NAME = "$(TARGET_NAME:c99extidentifier)";
            SKIP_INSTALL = "YES";
            SWIFT_VERSION = "3.0";
            TARGET_NAME = "Rainbow";
         };
         name = "Release";
      };
      "OBJ_151" = {
         isa = "PBXSourcesBuildPhase";
         files = (
            "OBJ_152",
            "OBJ_153",
            "OBJ_154",
            "OBJ_155",
            "OBJ_156",
            "OBJ_157",
            "OBJ_158",
            "OBJ_159",
            "OBJ_160",
            "OBJ_161",
            "OBJ_162",
         );
      };
      "OBJ_152" = {
         isa = "PBXBuildFile";
         fileRef = "OBJ_35";
      };
      "OBJ_153" = {
         isa = "PBXBuildFile";
         fileRef = "OBJ_36";
      };
      "OBJ_154" = {
         isa = "PBXBuildFile";
         fileRef = "OBJ_37";
      };
      "OBJ_155" = {
         isa = "PBXBuildFile";
         fileRef = "OBJ_38";
      };
      "OBJ_156" = {
         isa = "PBXBuildFile";
         fileRef = "OBJ_39";
      };
      "OBJ_157" = {
         isa = "PBXBuildFile";
         fileRef = "OBJ_40";
      };
      "OBJ_158" = {
         isa = "PBXBuildFile";
         fileRef = "OBJ_41";
      };
      "OBJ_159" = {
         isa = "PBXBuildFile";
         fileRef = "OBJ_42";
      };
      "OBJ_16" = {
         isa = "PBXFileReference";
         path = "PathKit.swift";
         sourceTree = "<group>";
      };
      "OBJ_160" = {
         isa = "PBXBuildFile";
         fileRef = "OBJ_43";
      };
      "OBJ_161" = {
         isa = "PBXBuildFile";
         fileRef = "OBJ_44";
      };
      "OBJ_162" = {
         isa = "PBXBuildFile";
         fileRef = "OBJ_45";
      };
      "OBJ_163" = {
         isa = "PBXFrameworksBuildPhase";
         files = (
         );
      };
      "OBJ_165" = {
         isa = "XCConfigurationList";
         buildConfigurations = (
            "OBJ_166",
            "OBJ_167",
         );
         defaultConfigurationIsVisible = "0";
         defaultConfigurationName = "Debug";
      };
      "OBJ_166" = {
         isa = "XCBuildConfiguration";
         buildSettings = {
         };
         name = "Debug";
      };
      "OBJ_167" = {
         isa = "XCBuildConfiguration";
         buildSettings = {
         };
         name = "Release";
      };
      "OBJ_168" = {
         isa = "PBXTargetDependency";
         target = "CommandLine::CommandLineKit";
      };
      "OBJ_17" = {
         isa = "PBXGroup";
         children = (
            "OBJ_18",
            "OBJ_19",
            "OBJ_20",
            "OBJ_21",
            "OBJ_22",
            "OBJ_23",
            "OBJ_24",
            "OBJ_25",
            "OBJ_26",
         );
         name = "Spectre 0.7.2";
         path = ".build/checkouts/Spectre.git--7655155069707042687/Sources";
         sourceTree = "SOURCE_ROOT";
      };
      "OBJ_18" = {
         isa = "PBXFileReference";
         explicitFileType = "sourcecode.swift";
         name = "Package.swift";
         path = "/Users/Yunis/Documents/Github/YunisTool/.build/checkouts/Spectre.git--7655155069707042687/Package.swift";
         sourceTree = "<group>";
      };
      "OBJ_19" = {
         isa = "PBXFileReference";
         path = "Case.swift";
         sourceTree = "<group>";
      };
      "OBJ_2" = {
         isa = "XCConfigurationList";
         buildConfigurations = (
            "OBJ_3",
            "OBJ_4",
         );
         defaultConfigurationIsVisible = "0";
         defaultConfigurationName = "Debug";
      };
      "OBJ_20" = {
         isa = "PBXFileReference";
         path = "Context.swift";
         sourceTree = "<group>";
      };
      "OBJ_21" = {
         isa = "PBXFileReference";
         path = "Expectation.swift";
         sourceTree = "<group>";
      };
      "OBJ_22" = {
         isa = "PBXFileReference";
         path = "Failure.swift";
         sourceTree = "<group>";
      };
      "OBJ_23" = {
         isa = "PBXFileReference";
         path = "Global.swift";
         sourceTree = "<group>";
      };
      "OBJ_24" = {
         isa = "PBXFileReference";
         path = "GlobalContext.swift";
         sourceTree = "<group>";
      };
      "OBJ_25" = {
         isa = "PBXFileReference";
         path = "Reporter.swift";
         sourceTree = "<group>";
      };
      "OBJ_26" = {
         isa = "PBXFileReference";
         path = "Reporters.swift";
         sourceTree = "<group>";
      };
      "OBJ_27" = {
         isa = "PBXGroup";
         children = (
            "OBJ_28",
            "OBJ_32",
         );
         name = "CommandLine 3.0.0-pre1";
         path = "";
         sourceTree = "SOURCE_ROOT";
      };
      "OBJ_28" = {
         isa = "PBXGroup";
         children = (
            "OBJ_29",
            "OBJ_30",
            "OBJ_31",
         );
         name = "CommandLineKit";
         path = ".build/checkouts/CommandLine.git--2975222262383774978/CommandLineKit";
         sourceTree = "SOURCE_ROOT";
      };
      "OBJ_29" = {
         isa = "PBXFileReference";
         path = "CommandLine.swift";
         sourceTree = "<group>";
      };
      "OBJ_3" = {
         isa = "XCBuildConfiguration";
         buildSettings = {
            CLANG_ENABLE_OBJC_ARC = "YES";
            COMBINE_HIDPI_IMAGES = "YES";
            COPY_PHASE_STRIP = "NO";
            DEBUG_INFORMATION_FORMAT = "dwarf";
            DYLIB_INSTALL_NAME_BASE = "@rpath";
            ENABLE_NS_ASSERTIONS = "YES";
            GCC_OPTIMIZATION_LEVEL = "0";
            MACOSX_DEPLOYMENT_TARGET = "10.10";
            ONLY_ACTIVE_ARCH = "YES";
            OTHER_SWIFT_FLAGS = (
               "-DXcode",
            );
            PRODUCT_NAME = "$(TARGET_NAME)";
            SDKROOT = "macosx";
            SUPPORTED_PLATFORMS = (
               "macosx",
               "iphoneos",
               "iphonesimulator",
               "appletvos",
               "appletvsimulator",
               "watchos",
               "watchsimulator",
            );
            SWIFT_ACTIVE_COMPILATION_CONDITIONS = "SWIFT_PACKAGE";
            SWIFT_OPTIMIZATION_LEVEL = "-Onone";
            USE_HEADERMAP = "NO";
         };
         name = "Debug";
      };
      "OBJ_30" = {
         isa = "PBXFileReference";
         path = "Option.swift";
         sourceTree = "<group>";
      };
      "OBJ_31" = {
         isa = "PBXFileReference";
         path = "StringExtensions.swift";
         sourceTree = "<group>";
      };
      "OBJ_32" = {
         isa = "PBXFileReference";
         explicitFileType = "sourcecode.swift";
         name = "Package.swift";
         path = "/Users/Yunis/Documents/Github/YunisTool/.build/checkouts/CommandLine.git--2975222262383774978/Package.swift";
         sourceTree = "<group>";
      };
      "OBJ_33" = {
         isa = "PBXGroup";
         children = (
            "OBJ_34",
            "OBJ_35",
            "OBJ_36",
            "OBJ_37",
            "OBJ_38",
            "OBJ_39",
            "OBJ_40",
            "OBJ_41",
            "OBJ_42",
            "OBJ_43",
            "OBJ_44",
            "OBJ_45",
         );
         name = "Rainbow 2.1.0";
         path = ".build/checkouts/Rainbow.git-2499542794955463186/Sources";
         sourceTree = "SOURCE_ROOT";
      };
      "OBJ_34" = {
         isa = "PBXFileReference";
         explicitFileType = "sourcecode.swift";
         name = "Package.swift";
         path = "/Users/Yunis/Documents/Github/YunisTool/.build/checkouts/Rainbow.git-2499542794955463186/Package.swift";
         sourceTree = "<group>";
      };
      "OBJ_35" = {
         isa = "PBXFileReference";
         path = "BackgroundColor.swift";
         sourceTree = "<group>";
      };
      "OBJ_36" = {
         isa = "PBXFileReference";
         path = "CodesParser.swift";
         sourceTree = "<group>";
      };
      "OBJ_37" = {
         isa = "PBXFileReference";
         path = "Color.swift";
         sourceTree = "<group>";
      };
      "OBJ_38" = {
         isa = "PBXFileReference";
         path = "ControlCode.swift";
         sourceTree = "<group>";
      };
      "OBJ_39" = {
         isa = "PBXFileReference";
         path = "ModesExtractor.swift";
         sourceTree = "<group>";
      };
      "OBJ_4" = {
         isa = "XCBuildConfiguration";
         buildSettings = {
            CLANG_ENABLE_OBJC_ARC = "YES";
            COMBINE_HIDPI_IMAGES = "YES";
            COPY_PHASE_STRIP = "YES";
            DEBUG_INFORMATION_FORMAT = "dwarf-with-dsym";
            DYLIB_INSTALL_NAME_BASE = "@rpath";
            GCC_OPTIMIZATION_LEVEL = "s";
            MACOSX_DEPLOYMENT_TARGET = "10.10";
            OTHER_SWIFT_FLAGS = (
               "-DXcode",
            );
            PRODUCT_NAME = "$(TARGET_NAME)";
            SDKROOT = "macosx";
            SUPPORTED_PLATFORMS = (
               "macosx",
               "iphoneos",
               "iphonesimulator",
               "appletvos",
               "appletvsimulator",
               "watchos",
               "watchsimulator",
            );
            SWIFT_ACTIVE_COMPILATION_CONDITIONS = "SWIFT_PACKAGE";
            SWIFT_OPTIMIZATION_LEVEL = "-Owholemodule";
            USE_HEADERMAP = "NO";
         };
         name = "Release";
      };
      "OBJ_40" = {
         isa = "PBXFileReference";
         path = "OutputTarget.swift";
         sourceTree = "<group>";
      };
      "OBJ_41" = {
         isa = "PBXFileReference";
         path = "Rainbow.swift";
         sourceTree = "<group>";
      };
      "OBJ_42" = {
         isa = "PBXFileReference";
         path = "String+Rainbow.swift";
         sourceTree = "<group>";
      };
      "OBJ_43" = {
         isa = "PBXFileReference";
         path = "StringGenerator.swift";
         sourceTree = "<group>";
      };
      "OBJ_44" = {
         isa = "PBXFileReference";
         path = "Style.swift";
         sourceTree = "<group>";
      };
      "OBJ_45" = {
         isa = "PBXFileReference";
         path = "XcodeColorsSupport.swift";
         sourceTree = "<group>";
      };
      "OBJ_46" = {
         isa = "PBXGroup";
         children = (
            "YunisTool::BlogTool::Product",
            "YunisTool::BlogPostTool::Product",
            "PathKit::PathKit::Product",
            "Spectre::Spectre::Product",
            "CommandLine::CommandLineKit::Product",
            "Rainbow::Rainbow::Product",
         );
         name = "Products";
         path = "";
         sourceTree = "BUILT_PRODUCTS_DIR";
      };
      "OBJ_5" = {
         isa = "PBXGroup";
         children = (
            "OBJ_6",
            "OBJ_7",
            "OBJ_12",
            "OBJ_13",
            "OBJ_46",
         );
         path = "";
         sourceTree = "<group>";
      };
      "OBJ_54" = {
         isa = "XCConfigurationList";
         buildConfigurations = (
            "OBJ_55",
            "OBJ_56",
         );
         defaultConfigurationIsVisible = "0";
         defaultConfigurationName = "Debug";
      };
      "OBJ_55" = {
         isa = "XCBuildConfiguration";
         buildSettings = {
            LD = "/usr/bin/true";
            OTHER_SWIFT_FLAGS = (
               "-swift-version",
               "3",
               "-I",
               "/Applications/Xcode.app/Contents/Developer/Toolchains/XcodeDefault.xctoolchain/usr/lib/swift/pm/3",
               "-target",
               "x86_64-apple-macosx10.10",
               "-sdk",
               "/Applications/Xcode.app/Contents/Developer/Platforms/MacOSX.platform/Developer/SDKs/MacOSX10.13.sdk",
            );
            SWIFT_VERSION = "3.0";
         };
         name = "Debug";
      };
      "OBJ_56" = {
         isa = "XCBuildConfiguration";
         buildSettings = {
            LD = "/usr/bin/true";
            OTHER_SWIFT_FLAGS = (
               "-swift-version",
               "3",
               "-I",
               "/Applications/Xcode.app/Contents/Developer/Toolchains/XcodeDefault.xctoolchain/usr/lib/swift/pm/3",
               "-target",
               "x86_64-apple-macosx10.10",
               "-sdk",
               "/Applications/Xcode.app/Contents/Developer/Platforms/MacOSX.platform/Developer/SDKs/MacOSX10.13.sdk",
            );
            SWIFT_VERSION = "3.0";
         };
         name = "Release";
      };
      "OBJ_57" = {
         isa = "PBXSourcesBuildPhase";
         files = (
            "OBJ_58",
         );
      };
      "OBJ_58" = {
         isa = "PBXBuildFile";
         fileRef = "OBJ_6";
      };
      "OBJ_6" = {
         isa = "PBXFileReference";
         explicitFileType = "sourcecode.swift";
         path = "Package.swift";
         sourceTree = "<group>";
      };
      "OBJ_60" = {
         isa = "XCConfigurationList";
         buildConfigurations = (
            "OBJ_61",
            "OBJ_62",
         );
         defaultConfigurationIsVisible = "0";
         defaultConfigurationName = "Debug";
      };
      "OBJ_61" = {
         isa = "XCBuildConfiguration";
         buildSettings = {
            LD = "/usr/bin/true";
            OTHER_SWIFT_FLAGS = (
               "-swift-version",
               "3",
               "-I",
               "/Applications/Xcode.app/Contents/Developer/Toolchains/XcodeDefault.xctoolchain/usr/lib/swift/pm/3",
               "-target",
               "x86_64-apple-macosx10.10",
               "-sdk",
               "/Applications/Xcode.app/Contents/Developer/Platforms/MacOSX.platform/Developer/SDKs/MacOSX10.13.sdk",
            );
            SWIFT_VERSION = "3.0";
         };
         name = "Debug";
      };
      "OBJ_62" = {
         isa = "XCBuildConfiguration";
         buildSettings = {
            LD = "/usr/bin/true";
            OTHER_SWIFT_FLAGS = (
               "-swift-version",
               "3",
               "-I",
               "/Applications/Xcode.app/Contents/Developer/Toolchains/XcodeDefault.xctoolchain/usr/lib/swift/pm/3",
               "-target",
               "x86_64-apple-macosx10.10",
               "-sdk",
               "/Applications/Xcode.app/Contents/Developer/Platforms/MacOSX.platform/Developer/SDKs/MacOSX10.13.sdk",
            );
            SWIFT_VERSION = "3.0";
         };
         name = "Release";
      };
      "OBJ_63" = {
         isa = "PBXSourcesBuildPhase";
         files = (
            "OBJ_64",
         );
      };
      "OBJ_64" = {
         isa = "PBXBuildFile";
         fileRef = "OBJ_15";
      };
      "OBJ_66" = {
         isa = "XCConfigurationList";
         buildConfigurations = (
            "OBJ_67",
            "OBJ_68",
         );
         defaultConfigurationIsVisible = "0";
         defaultConfigurationName = "Debug";
      };
      "OBJ_67" = {
         isa = "XCBuildConfiguration";
         buildSettings = {
            LD = "/usr/bin/true";
            OTHER_SWIFT_FLAGS = (
               "-swift-version",
               "3",
               "-I",
               "/Applications/Xcode.app/Contents/Developer/Toolchains/XcodeDefault.xctoolchain/usr/lib/swift/pm/3",
               "-target",
               "x86_64-apple-macosx10.10",
               "-sdk",
               "/Applications/Xcode.app/Contents/Developer/Platforms/MacOSX.platform/Developer/SDKs/MacOSX10.13.sdk",
            );
            SWIFT_VERSION = "3.0";
         };
         name = "Debug";
      };
      "OBJ_68" = {
         isa = "XCBuildConfiguration";
         buildSettings = {
            LD = "/usr/bin/true";
            OTHER_SWIFT_FLAGS = (
               "-swift-version",
               "3",
               "-I",
               "/Applications/Xcode.app/Contents/Developer/Toolchains/XcodeDefault.xctoolchain/usr/lib/swift/pm/3",
               "-target",
               "x86_64-apple-macosx10.10",
               "-sdk",
               "/Applications/Xcode.app/Contents/Developer/Platforms/MacOSX.platform/Developer/SDKs/MacOSX10.13.sdk",
            );
            SWIFT_VERSION = "3.0";
         };
         name = "Release";
      };
      "OBJ_69" = {
         isa = "PBXSourcesBuildPhase";
         files = (
            "OBJ_70",
         );
      };
      "OBJ_7" = {
         isa = "PBXGroup";
         children = (
            "OBJ_8",
            "OBJ_10",
         );
         name = "Sources";
         path = "";
         sourceTree = "SOURCE_ROOT";
      };
      "OBJ_70" = {
         isa = "PBXBuildFile";
         fileRef = "OBJ_18";
      };
      "OBJ_72" = {
         isa = "XCConfigurationList";
         buildConfigurations = (
            "OBJ_73",
            "OBJ_74",
         );
         defaultConfigurationIsVisible = "0";
         defaultConfigurationName = "Debug";
      };
      "OBJ_73" = {
         isa = "XCBuildConfiguration";
         buildSettings = {
            LD = "/usr/bin/true";
            OTHER_SWIFT_FLAGS = (
               "-swift-version",
               "3",
               "-I",
               "/Applications/Xcode.app/Contents/Developer/Toolchains/XcodeDefault.xctoolchain/usr/lib/swift/pm/3",
               "-target",
               "x86_64-apple-macosx10.10",
               "-sdk",
               "/Applications/Xcode.app/Contents/Developer/Platforms/MacOSX.platform/Developer/SDKs/MacOSX10.13.sdk",
            );
            SWIFT_VERSION = "3.0";
         };
         name = "Debug";
      };
      "OBJ_74" = {
         isa = "XCBuildConfiguration";
         buildSettings = {
            LD = "/usr/bin/true";
            OTHER_SWIFT_FLAGS = (
               "-swift-version",
               "3",
               "-I",
               "/Applications/Xcode.app/Contents/Developer/Toolchains/XcodeDefault.xctoolchain/usr/lib/swift/pm/3",
               "-target",
               "x86_64-apple-macosx10.10",
               "-sdk",
               "/Applications/Xcode.app/Contents/Developer/Platforms/MacOSX.platform/Developer/SDKs/MacOSX10.13.sdk",
            );
            SWIFT_VERSION = "3.0";
         };
         name = "Release";
      };
      "OBJ_75" = {
         isa = "PBXSourcesBuildPhase";
         files = (
            "OBJ_76",
         );
      };
      "OBJ_76" = {
         isa = "PBXBuildFile";
         fileRef = "OBJ_32";
      };
      "OBJ_78" = {
         isa = "XCConfigurationList";
         buildConfigurations = (
            "OBJ_79",
            "OBJ_80",
         );
         defaultConfigurationIsVisible = "0";
         defaultConfigurationName = "Debug";
      };
      "OBJ_79" = {
         isa = "XCBuildConfiguration";
         buildSettings = {
            LD = "/usr/bin/true";
            OTHER_SWIFT_FLAGS = (
               "-swift-version",
               "3",
               "-I",
               "/Applications/Xcode.app/Contents/Developer/Toolchains/XcodeDefault.xctoolchain/usr/lib/swift/pm/3",
               "-target",
               "x86_64-apple-macosx10.10",
               "-sdk",
               "/Applications/Xcode.app/Contents/Developer/Platforms/MacOSX.platform/Developer/SDKs/MacOSX10.13.sdk",
            );
            SWIFT_VERSION = "3.0";
         };
         name = "Debug";
      };
      "OBJ_8" = {
         isa = "PBXGroup";
         children = (
            "OBJ_9",
         );
         name = "BlogPostTool";
         path = "Sources/BlogPostTool";
         sourceTree = "SOURCE_ROOT";
      };
      "OBJ_80" = {
         isa = "XCBuildConfiguration";
         buildSettings = {
            LD = "/usr/bin/true";
            OTHER_SWIFT_FLAGS = (
               "-swift-version",
               "3",
               "-I",
               "/Applications/Xcode.app/Contents/Developer/Toolchains/XcodeDefault.xctoolchain/usr/lib/swift/pm/3",
               "-target",
               "x86_64-apple-macosx10.10",
               "-sdk",
               "/Applications/Xcode.app/Contents/Developer/Platforms/MacOSX.platform/Developer/SDKs/MacOSX10.13.sdk",
            );
            SWIFT_VERSION = "3.0";
         };
         name = "Release";
      };
      "OBJ_81" = {
         isa = "PBXSourcesBuildPhase";
         files = (
            "OBJ_82",
         );
      };
      "OBJ_82" = {
         isa = "PBXBuildFile";
         fileRef = "OBJ_34";
      };
      "OBJ_84" = {
         isa = "XCConfigurationList";
         buildConfigurations = (
            "OBJ_85",
            "OBJ_86",
         );
         defaultConfigurationIsVisible = "0";
         defaultConfigurationName = "Debug";
      };
      "OBJ_85" = {
         isa = "XCBuildConfiguration";
         buildSettings = {
            FRAMEWORK_SEARCH_PATHS = (
               "$(inherited)",
               "$(PLATFORM_DIR)/Developer/Library/Frameworks",
            );
            HEADER_SEARCH_PATHS = (
               "$(inherited)",
            );
            INFOPLIST_FILE = "YunisTool.xcodeproj/BlogTool_Info.plist";
            LD_RUNPATH_SEARCH_PATHS = (
               "$(TOOLCHAIN_DIR)/usr/lib/swift/macosx",
               "@executable_path",
            );
            OTHER_LDFLAGS = (
               "$(inherited)",
            );
            OTHER_SWIFT_FLAGS = (
               "$(inherited)",
            );
            SWIFT_FORCE_DYNAMIC_LINK_STDLIB = "YES";
            SWIFT_FORCE_STATIC_LINK_STDLIB = "NO";
            SWIFT_VERSION = "3.0";
            TARGET_NAME = "BlogTool";
         };
         name = "Debug";
      };
      "OBJ_86" = {
         isa = "XCBuildConfiguration";
         buildSettings = {
            FRAMEWORK_SEARCH_PATHS = (
               "$(inherited)",
               "$(PLATFORM_DIR)/Developer/Library/Frameworks",
            );
            HEADER_SEARCH_PATHS = (
               "$(inherited)",
            );
            INFOPLIST_FILE = "YunisTool.xcodeproj/BlogTool_Info.plist";
            LD_RUNPATH_SEARCH_PATHS = (
               "$(TOOLCHAIN_DIR)/usr/lib/swift/macosx",
               "@executable_path",
            );
            OTHER_LDFLAGS = (
               "$(inherited)",
            );
            OTHER_SWIFT_FLAGS = (
               "$(inherited)",
            );
            SWIFT_FORCE_DYNAMIC_LINK_STDLIB = "YES";
            SWIFT_FORCE_STATIC_LINK_STDLIB = "NO";
            SWIFT_VERSION = "3.0";
            TARGET_NAME = "BlogTool";
         };
         name = "Release";
      };
      "OBJ_87" = {
         isa = "PBXSourcesBuildPhase";
         files = (
            "OBJ_88",
         );
      };
      "OBJ_88" = {
         isa = "PBXBuildFile";
         fileRef = "OBJ_11";
      };
      "OBJ_89" = {
         isa = "PBXFrameworksBuildPhase";
         files = (
            "OBJ_90",
            "OBJ_91",
            "OBJ_92",
            "OBJ_93",
            "OBJ_94",
         );
      };
      "OBJ_9" = {
         isa = "PBXFileReference";
         path = "BlogPostTool.swift";
         sourceTree = "<group>";
      };
      "OBJ_90" = {
         isa = "PBXBuildFile";
         fileRef = "YunisTool::BlogPostTool::Product";
      };
      "OBJ_91" = {
         isa = "PBXBuildFile";
         fileRef = "PathKit::PathKit::Product";
      };
      "OBJ_92" = {
         isa = "PBXBuildFile";
         fileRef = "Spectre::Spectre::Product";
      };
      "OBJ_93" = {
         isa = "PBXBuildFile";
         fileRef = "CommandLine::CommandLineKit::Product";
      };
      "OBJ_94" = {
         isa = "PBXBuildFile";
         fileRef = "Rainbow::Rainbow::Product";
      };
      "OBJ_95" = {
         isa = "PBXTargetDependency";
         target = "YunisTool::BlogPostTool";
      };
      "OBJ_97" = {
         isa = "PBXTargetDependency";
         target = "PathKit::PathKit";
      };
      "OBJ_99" = {
         isa = "PBXTargetDependency";
         target = "Spectre::Spectre";
      };
      "PathKit::PathKit" = {
         isa = "PBXNativeTarget";
         buildConfigurationList = "OBJ_119";
         buildPhases = (
            "OBJ_122",
            "OBJ_124",
         );
         dependencies = (
            "OBJ_126",
         );
         name = "PathKit";
         productName = "PathKit";
         productReference = "PathKit::PathKit::Product";
         productType = "com.apple.product-type.framework";
      };
      "PathKit::PathKit::Product" = {
         isa = "PBXFileReference";
         path = "PathKit.framework";
         sourceTree = "BUILT_PRODUCTS_DIR";
      };
      "PathKit::SwiftPMPackageDescription" = {
         isa = "PBXNativeTarget";
         buildConfigurationList = "OBJ_60";
         buildPhases = (
            "OBJ_63",
         );
         dependencies = (
         );
         name = "PathKitPackageDescription";
         productName = "PathKitPackageDescription";
         productType = "com.apple.product-type.framework";
      };
      "Rainbow::Rainbow" = {
         isa = "PBXNativeTarget";
         buildConfigurationList = "OBJ_148";
         buildPhases = (
            "OBJ_151",
            "OBJ_163",
         );
         dependencies = (
         );
         name = "Rainbow";
         productName = "Rainbow";
         productReference = "Rainbow::Rainbow::Product";
         productType = "com.apple.product-type.framework";
      };
      "Rainbow::Rainbow::Product" = {
         isa = "PBXFileReference";
         path = "Rainbow.framework";
         sourceTree = "BUILT_PRODUCTS_DIR";
      };
      "Rainbow::SwiftPMPackageDescription" = {
         isa = "PBXNativeTarget";
         buildConfigurationList = "OBJ_78";
         buildPhases = (
            "OBJ_81",
         );
         dependencies = (
         );
         name = "RainbowPackageDescription";
         productName = "RainbowPackageDescription";
         productType = "com.apple.product-type.framework";
      };
      "Spectre::Spectre" = {
         isa = "PBXNativeTarget";
         buildConfigurationList = "OBJ_127";
         buildPhases = (
            "OBJ_130",
            "OBJ_139",
         );
         dependencies = (
         );
         name = "Spectre";
         productName = "Spectre";
         productReference = "Spectre::Spectre::Product";
         productType = "com.apple.product-type.framework";
      };
      "Spectre::Spectre::Product" = {
         isa = "PBXFileReference";
         path = "Spectre.framework";
         sourceTree = "BUILT_PRODUCTS_DIR";
      };
      "Spectre::SwiftPMPackageDescription" = {
         isa = "PBXNativeTarget";
         buildConfigurationList = "OBJ_66";
         buildPhases = (
            "OBJ_69",
         );
         dependencies = (
         );
         name = "SpectrePackageDescription";
         productName = "SpectrePackageDescription";
         productType = "com.apple.product-type.framework";
      };
      "YunisTool::BlogPostTool" = {
         isa = "PBXNativeTarget";
         buildConfigurationList = "OBJ_105";
         buildPhases = (
            "OBJ_108",
            "OBJ_110",
         );
         dependencies = (
            "OBJ_115",
            "OBJ_116",
            "OBJ_117",
            "OBJ_118",
         );
         name = "BlogPostTool";
         productName = "BlogPostTool";
         productReference = "YunisTool::BlogPostTool::Product";
         productType = "com.apple.product-type.framework";
      };
      "YunisTool::BlogPostTool::Product" = {
         isa = "PBXFileReference";
         path = "BlogPostTool.framework";
         sourceTree = "BUILT_PRODUCTS_DIR";
      };
      "YunisTool::BlogTool" = {
         isa = "PBXNativeTarget";
         buildConfigurationList = "OBJ_84";
         buildPhases = (
            "OBJ_87",
            "OBJ_89",
         );
         dependencies = (
            "OBJ_95",
            "OBJ_97",
            "OBJ_99",
            "OBJ_101",
            "OBJ_103",
         );
         name = "BlogTool";
         productName = "BlogTool";
         productReference = "YunisTool::BlogTool::Product";
         productType = "com.apple.product-type.tool";
      };
      "YunisTool::BlogTool::Product" = {
         isa = "PBXFileReference";
         path = "BlogTool";
         sourceTree = "BUILT_PRODUCTS_DIR";
      };
      "YunisTool::SwiftPMPackageDescription" = {
         isa = "PBXNativeTarget";
         buildConfigurationList = "OBJ_54";
         buildPhases = (
            "OBJ_57",
         );
         dependencies = (
         );
         name = "YunisToolPackageDescription";
         productName = "YunisToolPackageDescription";
         productType = "com.apple.product-type.framework";
      };
   };
   rootObject = "OBJ_1";
}
